
Microsoft Visual Studio Solution File, Format Version 12.00
# Visual Studio Version 17
VisualStudioVersion = 17.8.34322.80
MinimumVisualStudioVersion = 10.0.40219.1
Project("{FAE04EC0-301F-11D3-BF4B-00C04F79EFBC}") = "tumple-updater", "tumple-updater.csproj", "{3F550448-9E68-4B62-8801-A3A802D6D90D}"
EndProject
Global
	GlobalSection(SolutionConfigurationPlatforms) = preSolution
		Debug|Any CPU = Debug|Any CPU
		Release|Any CPU = Release|Any CPU
	EndGlobalSection
	GlobalSection(ProjectConfigurationPlatforms) = postSolution
		{3F550448-9E68-4B62-8801-A3A802D6D90D}.Debug|Any CPU.ActiveCfg = Debug|Any CPU
		{3F550448-9E68-4B62-8801-A3A802D6D90D}.Debug|Any CPU.Build.0 = Debug|Any CPU
		{3F550448-9E68-4B62-8801-A3A802D6D90D}.Release|Any CPU.ActiveCfg = Release|Any CPU
		{3F550448-9E68-4B62-8801-A3A802D6D90D}.Release|Any CPU.Build.0 = Release|Any CPU
	EndGlobalSection
	GlobalSection(SolutionProperties) = preSolution
		HideSolutionNode = FALSE
	EndGlobalSection
	GlobalSection(ExtensibilityGlobals) = postSolution
		SolutionGuid = {D5AA5F53-EE22-47B6-8979-48E169A53F17}
	EndGlobalSection
EndGlobal
